
Microsoft Visual Studio Solution File, Format Version 12.00
# Visual Studio Version 17
VisualStudioVersion = 17.12.35728.132
MinimumVisualStudioVersion = 10.0.40219.1
Project("{9A19103F-16F7-4668-BE54-9A1E7A4F7556}") = "icrisat subsetting", "icrisat subsetting\icrisat subsetting.csproj", "{0E249C23-D57E-4156-9B80-193D57077621}"
EndProject
Project("{FAE04EC0-301F-11D3-BF4B-00C04F79EFBC}") = "FrontendApp", "FrontendApp\FrontendApp.csproj", "{8EF8C19B-1FDF-44A6-B018-EC7E8F8902F9}"
EndProject
Global
	GlobalSection(SolutionConfigurationPlatforms) = preSolution
		Debug|Any CPU = Debug|Any CPU
		Release|Any CPU = Release|Any CPU
	EndGlobalSection
	GlobalSection(ProjectConfigurationPlatforms) = postSolution
		{0E249C23-D57E-4156-9B80-193D57077621}.Debug|Any CPU.ActiveCfg = Debug|Any CPU
		{0E249C23-D57E-4156-9B80-193D57077621}.Debug|Any CPU.Build.0 = Debug|Any CPU
		{0E249C23-D57E-4156-9B80-193D57077621}.Release|Any CPU.ActiveCfg = Release|Any CPU
		{0E249C23-D57E-4156-9B80-193D57077621}.Release|Any CPU.Build.0 = Release|Any CPU
		{8EF8C19B-1FDF-44A6-B018-EC7E8F8902F9}.Debug|Any CPU.ActiveCfg = Debug|Any CPU
		{8EF8C19B-1FDF-44A6-B018-EC7E8F8902F9}.Debug|Any CPU.Build.0 = Debug|Any CPU
		{8EF8C19B-1FDF-44A6-B018-EC7E8F8902F9}.Release|Any CPU.ActiveCfg = Release|Any CPU
		{8EF8C19B-1FDF-44A6-B018-EC7E8F8902F9}.Release|Any CPU.Build.0 = Release|Any CPU
	EndGlobalSection
	GlobalSection(SolutionProperties) = preSolution
		HideSolutionNode = FALSE
	EndGlobalSection
EndGlobal
